hash: 64bacf72cec63b59ee317501bdf90450dfd513355ca7781be1cb3172e7cc848c
updated: 2017-02-27T18:21:05.390572997+13:00
imports:
- name: github.com/badgerodon/peg
  version: 9e5f7f4d07ca576562618c23e8abadda278b684f
- name: github.com/boltdb/bolt
  version: 04a3e85793043e76d41164037d0d7f9d53eecae3
- name: github.com/cznic/mathutil
  version: f9551431b78e71ee24939a1e9d8f49f43898b5cd
- name: github.com/davecgh/go-spew
  version: 2df174808ee097f90d259e432cc04442cf60be21
  subpackages:
  - spew
- name: github.com/dennwc/graphql
  version: fd5c4aa13f2119414084f229600de0d73f174436
  subpackages:
  - gqlerrors
  - language/ast
  - language/kinds
  - language/lexer
  - language/location
  - language/parser
  - language/source
- name: github.com/dlclark/regexp2
  version: 3f97b6a39134e6bd88a72d1388d1632e60d83ef6
  subpackages:
  - syntax
- name: github.com/docker/docker
  version: cc8b8ce0b3d2d6b3345687464d3a3b1c2c4971ef
  subpackages:
  - api/types/filters
  - api/types/versions
  - opts
  - pkg/archive
  - pkg/fileutils
  - pkg/homedir
  - pkg/idtools
  - pkg/ioutils
  - pkg/longpath
  - pkg/pools
  - pkg/promise
  - pkg/stdcopy
  - pkg/system
- name: github.com/docker/engine-api
  version: fa0eea948c32ababd784fc1ad76172d986617e56
  subpackages:
  - types/mount
  - types/swarm
- name: github.com/docker/go-units
  version: 9b001659dd36225e356b4467c465d732e745f53d
- name: github.com/dop251/goja
  version: 2acb68835db4513d6c68cf075a0be5780c162f66
  subpackages:
  - ast
  - file
  - parser
  - token
- name: github.com/fsouza/go-dockerclient
  version: 2ce05b8e04b7475b63ae21c1aeaf72b8a5b05eb5
- name: github.com/go-sql-driver/mysql
  version: 0b58b37b664c21f3010e836f1b931e1d0b0b0685
- name: github.com/gogo/protobuf
  version: fdc14ac22689d09f8639e603614593811bc1d81c
  subpackages:
  - gogoproto
  - proto
  - protoc-gen-gogo/descriptor
  - sortkeys
  - test
  - test/custom
  - test/custom-dash-type
- name: github.com/golang/glog
  version: 23def4e6c14b4da8ac2ed8007337bc5eb5007998
- name: github.com/golang/protobuf
  version: 98fa357170587e470c5f27d3c3ea0947b71eb455
  subpackages:
  - proto
- name: github.com/hashicorp/go-cleanhttp
  version: ad28ea4487f05916463e2423a55166280e8254b5
- name: github.com/julienschmidt/httprouter
  version: b428fda53bb0a764fea9c76c9413512eda291dec
- name: github.com/lib/pq
  version: 0dad96c0b94f8dee039aa40467f767467392a0af
  subpackages:
  - oid
- name: github.com/linkeddata/gojsonld
  version: a223ef39bb925d36d4c410d3e35b0e34e370cc31
- name: github.com/opencontainers/runc
  version: 189a2ab2f7acc59043e457cea25b58f631443f08
  subpackages:
  - libcontainer/system
  - libcontainer/user
- name: github.com/pborman/uuid
  version: ca53cad383cad2479bbba7f7a1a05797ec1386e4
- name: github.com/peterh/liner
  version: 1bb0d1c1a25ed393d8feb09bab039b2b1b1fbced
- name: github.com/pmezard/go-difflib
  version: d8ed2627bdf02c080bf22230dbb337003b7aba2d
  subpackages:
  - difflib
- name: github.com/robertkrimen/otto
  version: d1b4d8ef0e0e4b088c8328c95ca63ab9ebd8fc9d
  subpackages:
  - ast
  - dbg
  - file
  - parser
  - registry
  - token
  - underscore
- name: github.com/russross/blackfriday
  version: 17bb7999de6cfb791d4f8986cc00b3309b370cdb
- name: github.com/shurcooL/sanitized_anchor_name
  version: 8e87604bec3c645a4eeaee97dfec9f25811ff20d
- name: github.com/Sirupsen/logrus
  version: 08a8a7c27e3d058a8989316a850daad1c10bf4ab
- name: github.com/stretchr/testify
  version: f390dcf405f7b83c997eac1b06768bb9f44dec18
  subpackages:
  - assert
  - require
- name: github.com/syndtr/goleveldb
  version: 4875955338b0a434238a31165cb87255ab6e9e4a
  subpackages:
  - leveldb
  - leveldb/cache
  - leveldb/comparer
  - leveldb/errors
  - leveldb/filter
  - leveldb/iterator
  - leveldb/journal
  - leveldb/memdb
  - leveldb/opt
  - leveldb/storage
  - leveldb/table
  - leveldb/util
- name: github.com/syndtr/gosnappy
  version: 156a073208e131d7d2e212cb749feae7c339e846
  subpackages:
  - snappy
- name: golang.org/x/net
  version: 0d8126fc6144eb5257485c59148128691e8ff849
  subpackages:
  - context
  - context/ctxhttp
- name: golang.org/x/sys
  version: a646d33e2ee3172a661fc09bca23bb4889a41bc8
  subpackages:
  - unix
- name: golang.org/x/text
  version: 723492b65e225eafcba054e76ba18bb9c5ac1ea2
  subpackages:
  - cases
  - collate
  - collate/colltab
  - internal/colltab
  - language
  - transform
  - unicode/norm
- name: google.golang.org/appengine
  version: 4f7eeb5305a4ba1966344836ba4af9996b7b4e05
  subpackages:
  - aetest
  - datastore
  - internal
  - internal/app_identity
  - internal/base
  - internal/datastore
  - internal/log
  - internal/modules
  - internal/remote_api
  - internal/user
  - user
- name: gopkg.in/mgo.v2
  version: 01ee097136da162d1dd3c9b44fbdf3abf4fd6552
  subpackages:
  - bson
  - internal/sasl
  - internal/scram
testImports: []
