hash: 4b101ef8e679e7244213b145345c40c7ea60ea87b514157ef7f91c9162d8f9c0
updated: 2017-04-28T23:58:33.876694576-07:00
imports:
- name: github.com/badgerodon/peg
  version: 9e5f7f4d07ca576562618c23e8abadda278b684f
- name: github.com/boltdb/bolt
  version: e9cf4fae01b5a8ff89d0ec6b32f0d9c9f79aefdd
- name: github.com/cznic/mathutil
  version: 1447ad269d64ca91aa8d7079baa40b6fc8b965e7
- name: github.com/davecgh/go-spew
  version: 2df174808ee097f90d259e432cc04442cf60be21
  subpackages:
  - spew
- name: github.com/dennwc/graphql
  version: 5cf1f05cb1945ca40ca374e21ccf26f01fc67d10
  subpackages:
  - gqlerrors
  - language/ast
  - language/lexer
  - language/parser
  - language/location
  - language/source
  - language/kinds
- name: github.com/dlclark/regexp2
  version: 902a5ce7a7812e2ba9f73b9d96c09d5136df39cd
  subpackages:
  - syntax
- name: github.com/dop251/goja
  version: 613f33eefdee5996ef938043efe8f1a9955fb8cc
  subpackages:
  - ast
  - file
  - parser
  - token
- name: github.com/fsnotify/fsnotify
  version: 4da3e2cfbabc9f751898f250b49f2439785783a1
- name: github.com/go-sql-driver/mysql
  version: 147bd02c2c516cf9a8878cb75898ee8a9eea0228
- name: github.com/gogo/protobuf
  version: 30433562cfbf487fe1df7cd26c7bab168d2f14d0
  subpackages:
  - proto
  - gogoproto
  - protoc-gen-gogo/descriptor
- name: github.com/golang/glog
  version: 23def4e6c14b4da8ac2ed8007337bc5eb5007998
- name: github.com/golang/protobuf
  version: 18c9bb3261723cd5401db4d0c9fbc5c3b6c70fe8
  subpackages:
  - proto
- name: github.com/golang/snappy
  version: 553a641470496b2327abcac10b36396bd98e45c9
- name: github.com/hashicorp/hcl
  version: 7fa7fff964d035e8a162cce3a164b3ad02ad651b
  subpackages:
  - hcl/ast
  - hcl/parser
  - hcl/token
  - json/parser
  - hcl/scanner
  - hcl/strconv
  - json/scanner
  - json/token
- name: github.com/inconshreveable/mousetrap
  version: 76626ae9c91c4f2a10f34cad8ce83ea42c93bb75
- name: github.com/julienschmidt/httprouter
  version: 6f3f3919c8781ce5c0509c83fffc887a7830c938
- name: github.com/lib/pq
  version: 2704adc878c21e1329f46f6e56a1c387d788ff94
  subpackages:
  - oid
- name: github.com/linkeddata/gojsonld
  version: 4f5db6791326b8962ede4edbba693edcf20fd1ad
- name: github.com/magiconair/properties
  version: 51463bfca2576e06c62a8504b5c0f06d61312647
- name: github.com/mitchellh/mapstructure
  version: cc8532a8e9a55ea36402aa21efdf403a60d34096
- name: github.com/pborman/uuid
  version: 1b00554d822231195d1babd97ff4a781231955c9
- name: github.com/pelletier/go-buffruneio
  version: c37440a7cf42ac63b919c752ca73a85067e05992
- name: github.com/pelletier/go-toml
  version: fe206efb84b2bc8e8cfafe6b4c1826622be969e3
- name: github.com/peterh/liner
  version: 88609521dc4b6c858fd4c98b628147da928ce4ac
- name: github.com/pmezard/go-difflib
  version: d8ed2627bdf02c080bf22230dbb337003b7aba2d
  subpackages:
  - difflib
- name: github.com/robertkrimen/otto
  version: 21ec96599b1279b5673e4df0097dd56bb8360068
  subpackages:
  - underscore
- name: github.com/russross/blackfriday
  version: b253417e1cb644d645a0a3bb1fa5034c8030127c
- name: github.com/shurcooL/sanitized_anchor_name
  version: 79c90efaf01eddc01945af5bc1797859189b830b
- name: github.com/spf13/afero
  version: 9be650865eab0c12963d8753212f4f9c66cdcf12
  subpackages:
  - mem
- name: github.com/spf13/cast
  version: acbeb36b902d72a7a4c18e8f3241075e7ab763e4
- name: github.com/spf13/cobra
  version: 7b1b6e8dc027253d45fc029bc269d1c019f83a34
- name: github.com/spf13/jwalterweatherman
  version: fa7ca7e836cf3a8bb4ebf799f472c12d7e903d66
- name: github.com/spf13/pflag
  version: f1d95a35e132e8a1868023a08932b14f0b8b8fcb
- name: github.com/spf13/viper
  version: 0967fc9aceab2ce9da34061253ac10fb99bba5b2
- name: github.com/stretchr/testify
  version: f390dcf405f7b83c997eac1b06768bb9f44dec18
  subpackages:
  - assert
  - require
- name: github.com/syndtr/goleveldb
  version: b89cc31ef7977104127d34c1bd31ebd1a9db2199
  subpackages:
  - leveldb
  - leveldb/iterator
  - leveldb/opt
  - leveldb/util
  - leveldb/cache
  - leveldb/comparer
  - leveldb/errors
  - leveldb/filter
  - leveldb/journal
  - leveldb/memdb
  - leveldb/storage
  - leveldb/table
- name: github.com/syndtr/gosnappy
  version: 156a073208e131d7d2e212cb749feae7c339e846
  subpackages:
  - snappy
- name: github.com/tylertreat/BoomFilters
  version: b282640b93f349cd208f8d5921df2cfaf5780ee2
- name: golang.org/x/net
  version: da118f7b8e5954f39d0d2130ab35d4bf0e3cb344
  subpackages:
  - context
- name: golang.org/x/sys
  version: 9ccfe848b9db8435a24c424abbc07a921adf1df5
  subpackages:
  - unix
- name: golang.org/x/text
  version: 470f45bf29f4147d6fbd7dfd0a02a848e49f5bf4
  subpackages:
  - cases
  - collate
  - language
  - unicode/norm
  - transform
  - internal
  - internal/colltab
  - internal/tag
- name: google.golang.org/appengine
  version: 170382fa85b10b94728989dfcf6cc818b335c952
  subpackages:
  - datastore
  - internal
  - internal/app_identity
  - internal/modules
  - internal/datastore
  - internal/base
  - internal/log
  - internal/remote_api
- name: gopkg.in/mgo.v2
  version: 3f83fa5005286a7fe593b055f0d7771a7dce4655
  subpackages:
  - bson
  - internal/sasl
  - internal/scram
  - internal/json
- name: gopkg.in/yaml.v2
  version: cd8b52f8269e0feb286dfeef29f8fe4d5b397e0b
devImports: []
