hash: 80622f54e5ee6819770a6d90324f90b5fc75790d8311d1e39d12be1bb00cd95b
updated: 2016-08-26T17:11:12.108578825+07:00
imports:
- name: github.com/badgerodon/peg
  version: 9e5f7f4d07ca576562618c23e8abadda278b684f
- name: github.com/boltdb/bolt
  version: 04a3e85793043e76d41164037d0d7f9d53eecae3
- name: github.com/cznic/mathutil
  version: f9551431b78e71ee24939a1e9d8f49f43898b5cd
- name: github.com/davecgh/go-spew
  version: 2df174808ee097f90d259e432cc04442cf60be21
  subpackages:
  - spew
- name: github.com/docker/docker
  version: 282b0aff08030a2521adf7d64bdd333f0864b720
  subpackages:
  - opts
  - pkg/archive
  - pkg/fileutils
  - pkg/homedir
  - pkg/idtools
  - pkg/ioutils
  - pkg/longpath
  - pkg/pools
  - pkg/promise
  - pkg/stdcopy
  - pkg/system
- name: github.com/docker/engine-api
  version: c9fd33c91008b9c558a6ed1cb11a68dbe4db0493
  subpackages:
  - types/filters
  - types/mount
  - types/swarm
  - types/versions
- name: github.com/docker/go-units
  version: eb879ae3e2b84e2a142af415b679ddeda47ec71c
- name: github.com/fsouza/go-dockerclient
  version: 4efaf0ea3c8990e1648f68672d011289f0c0cb0a
- name: github.com/gogo/protobuf
  version: ff05bbbb0ff143cc11fc3f8b700fc3a2864b884d
  subpackages:
  - gogoproto
  - proto
  - protoc-gen-gogo/descriptor
- name: github.com/golang/glog
  version: 23def4e6c14b4da8ac2ed8007337bc5eb5007998
- name: github.com/golang/protobuf
  version: 888eb0692c857ec880338addf316bd662d5e630e
  subpackages:
  - proto
- name: github.com/hashicorp/go-cleanhttp
  version: ad28ea4487f05916463e2423a55166280e8254b5
- name: github.com/julienschmidt/httprouter
  version: b59a38004596b696aca7aa2adccfa68760864d86
- name: github.com/lib/pq
  version: 0dad96c0b94f8dee039aa40467f767467392a0af
  subpackages:
  - oid
- name: github.com/opencontainers/runc
  version: 6df383c2f881fbdeb85060fd27d8bf61afedacd9
  subpackages:
  - libcontainer/system
  - libcontainer/user
- name: github.com/pborman/uuid
  version: ca53cad383cad2479bbba7f7a1a05797ec1386e4
- name: github.com/peterh/liner
  version: 1bb0d1c1a25ed393d8feb09bab039b2b1b1fbced
- name: github.com/pmezard/go-difflib
  version: d8ed2627bdf02c080bf22230dbb337003b7aba2d
  subpackages:
  - difflib
- name: github.com/robertkrimen/otto
  version: d1b4d8ef0e0e4b088c8328c95ca63ab9ebd8fc9d
  subpackages:
  - ast
  - dbg
  - file
  - parser
  - registry
  - token
  - underscore
- name: github.com/russross/blackfriday
  version: 17bb7999de6cfb791d4f8986cc00b3309b370cdb
- name: github.com/shurcooL/sanitized_anchor_name
  version: 8e87604bec3c645a4eeaee97dfec9f25811ff20d
- name: github.com/Sirupsen/logrus
  version: 08a8a7c27e3d058a8989316a850daad1c10bf4ab
- name: github.com/stretchr/testify
  version: f390dcf405f7b83c997eac1b06768bb9f44dec18
  subpackages:
  - assert
  - require
- name: github.com/syndtr/goleveldb
  version: 4875955338b0a434238a31165cb87255ab6e9e4a
  subpackages:
  - leveldb
  - leveldb/cache
  - leveldb/comparer
  - leveldb/errors
  - leveldb/filter
  - leveldb/iterator
  - leveldb/journal
  - leveldb/memdb
  - leveldb/opt
  - leveldb/storage
  - leveldb/table
  - leveldb/util
- name: github.com/syndtr/gosnappy
  version: 156a073208e131d7d2e212cb749feae7c339e846
  subpackages:
  - snappy
- name: golang.org/x/net
  version: 6a513affb38dc9788b449d59ffed099b8de18fa0
  subpackages:
  - context
  - context/ctxhttp
- name: golang.org/x/sys
  version: a646d33e2ee3172a661fc09bca23bb4889a41bc8
  subpackages:
  - unix
- name: google.golang.org/appengine
  version: 4f7eeb5305a4ba1966344836ba4af9996b7b4e05
  subpackages:
  - aetest
  - datastore
  - internal
  - internal/app_identity
  - internal/base
  - internal/datastore
  - internal/log
  - internal/modules
  - internal/remote_api
  - internal/user
  - user
- name: gopkg.in/mgo.v2
  version: c6a7dce14133ccac2dcac3793f1d6e2ef048503a
  subpackages:
  - bson
  - internal/scram
  - sasl
testImports: []
